// !$*UTF8*$!
{
	archiveVersion = 1;
	classes = {
	};
	objectVersion = 50;
	objects = {

/* Begin PBXBuildFile section */
		AC8A9A2523A49D7F00FAB8C7 /* AppDelegate.swift in Sources */ = {isa = PBXBuildFile; fileRef = AC8A9A2423A49D7F00FAB8C7 /* AppDelegate.swift */; };
		AC8A9A2723A49D7F00FAB8C7 /* SceneDelegate.swift in Sources */ = {isa = PBXBuildFile; fileRef = AC8A9A2623A49D7F00FAB8C7 /* SceneDelegate.swift */; };
		AC8A9A2923A49D7F00FAB8C7 /* ViewController.swift in Sources */ = {isa = PBXBuildFile; fileRef = AC8A9A2823A49D7F00FAB8C7 /* ViewController.swift */; };
		AC8A9A2C23A49D7F00FAB8C7 /* Main.storyboard in Resources */ = {isa = PBXBuildFile; fileRef = AC8A9A2A23A49D7F00FAB8C7 /* Main.storyboard */; };
		AC8A9A2E23A49D8100FAB8C7 /* Assets.xcassets in Resources */ = {isa = PBXBuildFile; fileRef = AC8A9A2D23A49D8100FAB8C7 /* Assets.xcassets */; };
		AC8A9A3123A49D8100FAB8C7 /* LaunchScreen.storyboard in Resources */ = {isa = PBXBuildFile; fileRef = AC8A9A2F23A49D8100FAB8C7 /* LaunchScreen.storyboard */; };
/* End PBXBuildFile section */

/* Begin PBXFileReference section */
		AC8A9A2123A49D7F00FAB8C7 /* SwiftYoutuberApp1.app */ = {isa = PBXFileReference; explicitFileType = wrapper.application; includeInIndex = 0; path = SwiftYoutuberApp1.app; sourceTree = BUILT_PRODUCTS_DIR; };
		AC8A9A2423A49D7F00FAB8C7 /* AppDelegate.swift */ = {isa = PBXFileReference; lastKnownFileType = sourcecode.swift; path = AppDelegate.swift; sourceTree = "<group>"; };
		AC8A9A2623A49D7F00FAB8C7 /* SceneDelegate.swift */ = {isa = PBXFileReference; lastKnownFileType = sourcecode.swift; path = SceneDelegate.swift; sourceTree = "<group>"; };
		AC8A9A2823A49D7F00FAB8C7 /* ViewController.swift */ = {isa = PBXFileReference; lastKnownFileType = sourcecode.swift; path = ViewController.swift; sourceTree = "<group>"; };
		AC8A9A2B23A49D7F00FAB8C7 /* Base */ = {isa = PBXFileReference; lastKnownFileType = file.storyboard; name = Base; path = Base.lproj/Main.storyboard; sourceTree = "<group>"; };
		AC8A9A2D23A49D8100FAB8C7 /* Assets.xcassets */ = {isa = PBXFileReference; lastKnownFileType = folder.assetcatalog; path = Assets.xcassets; sourceTree = "<group>"; };
		AC8A9A3023A49D8100FAB8C7 /* Base */ = {isa = PBXFileReference; lastKnownFileType = file.storyboard; name = Base; path = Base.lproj/LaunchScreen.storyboard; sourceTree = "<group>"; };
		AC8A9A3223A49D8100FAB8C7 /* Info.plist */ = {isa = PBXFileReference; lastKnownFileType = text.plist.xml; path = Info.plist; sourceTree = "<group>"; };
/* End PBXFileReference section */

/* Begin PBXFrameworksBuildPhase section */
		AC8A9A1E23A49D7F00FAB8C7 /* Frameworks */ = {
			isa = PBXFrameworksBuildPhase;
			buildActionMask = 2147483647;
			files = (
			);
			runOnlyForDeploymentPostprocessing = 0;
		};
/* End PBXFrameworksBuildPhase section */

/* Begin PBXGroup section */
		AC8A9A1823A49D7F00FAB8C7 = {
			isa = PBXGroup;
			children = (
				AC8A9A2323A49D7F00FAB8C7 /* SwiftYoutuberApp1 */,
				AC8A9A2223A49D7F00FAB8C7 /* Products */,
			);
			sourceTree = "<group>";
		};
		AC8A9A2223A49D7F00FAB8C7 /* Products */ = {
			isa = PBXGroup;
			children = (
				AC8A9A2123A49D7F00FAB8C7 /* SwiftYoutuberApp1.app */,
			);
			name = Products;
			sourceTree = "<group>";
		};
		AC8A9A2323A49D7F00FAB8C7 /* SwiftYoutuberApp1 */ = {
			isa = PBXGroup;
			children = (
				AC8A9A2423A49D7F00FAB8C7 /* AppDelegate.swift */,
				AC8A9A2623A49D7F00FAB8C7 /* SceneDelegate.swift */,
				AC8A9A2823A49D7F00FAB8C7 /* ViewController.swift */,
				AC8A9A2A23A49D7F00FAB8C7 /* Main.storyboard */,
				AC8A9A2D23A49D8100FAB8C7 /* Assets.xcassets */,
				AC8A9A2F23A49D8100FAB8C7 /* LaunchScreen.storyboard */,
				AC8A9A3223A49D8100FAB8C7 /* Info.plist */,
			);
			path = SwiftYoutuberApp1;
			sourceTree = "<group>";
		};
/* End PBXGroup section */

/* Begin PBXNativeTarget section */
		AC8A9A2023A49D7F00FAB8C7 /* SwiftYoutuberApp1 */ = {
			isa = PBXNativeTarget;
			buildConfigurationList = AC8A9A3523A49D8100FAB8C7 /* Build configuration list for PBXNativeTarget "SwiftYoutuberApp1" */;
			buildPhases = (
				AC8A9A1D23A49D7F00FAB8C7 /* Sources */,
				AC8A9A1E23A49D7F00FAB8C7 /* Frameworks */,
				AC8A9A1F23A49D7F00FAB8C7 /* Resources */,
			);
			buildRules = (
			);
			dependencies = (
			);
			name = SwiftYoutuberApp1;
			productName = SwiftYoutuberApp1;
			productReference = AC8A9A2123A49D7F00FAB8C7 /* SwiftYoutuberApp1.app */;
			productType = "com.apple.product-type.application";
		};
/* End PBXNativeTarget section */

/* Begin PBXProject section */
		AC8A9A1923A49D7F00FAB8C7 /* Project object */ = {
			isa = PBXProject;
			attributes = {
				LastSwiftUpdateCheck = 1120;
				LastUpgradeCheck = 1120;
				ORGANIZATIONNAME = "岩男高史";
				TargetAttributes = {
					AC8A9A2023A49D7F00FAB8C7 = {
						CreatedOnToolsVersion = 11.2.1;
					};
				};
			};
			buildConfigurationList = AC8A9A1C23A49D7F00FAB8C7 /* Build configuration list for PBXProject "SwiftYoutuberApp1" */;
			compatibilityVersion = "Xcode 9.3";
			developmentRegion = en;
			hasScannedForEncodings = 0;
			knownRegions = (
				en,
				Base,
			);
			mainGroup = AC8A9A1823A49D7F00FAB8C7;
			productRefGroup = AC8A9A2223A49D7F00FAB8C7 /* Products */;
			projectDirPath = "";
			projectRoot = "";
			targets = (
				AC8A9A2023A49D7F00FAB8C7 /* SwiftYoutuberApp1 */,
			);
		};
/* End PBXProject section */

/* Begin PBXResourcesBuildPhase section */
		AC8A9A1F23A49D7F00FAB8C7 /* Resources */ = {
			isa = PBXResourcesBuildPhase;
			buildActionMask = 2147483647;
			files = (
				AC8A9A3123A49D8100FAB8C7 /* LaunchScreen.storyboard in Resources */,
				AC8A9A2E23A49D8100FAB8C7 /* Assets.xcassets in Resources */,
				AC8A9A2C23A49D7F00FAB8C7 /* Main.storyboard in Resources */,
			);
			runOnlyForDeploymentPostprocessing = 0;
		};
/* End PBXResourcesBuildPhase section */

/* Begin PBXSourcesBuildPhase section */
		AC8A9A1D23A49D7F00FAB8C7 /* Sources */ = {
			isa = PBXSourcesBuildPhase;
			buildActionMask = 2147483647;
			files = (
				AC8A9A2923A49D7F00FAB8C7 /* ViewController.swift in Sources */,
				AC8A9A2523A49D7F00FAB8C7 /* AppDelegate.swift in Sources */,
				AC8A9A2723A49D7F00FAB8C7 /* SceneDelegate.swift in Sources */,
			);
			runOnlyForDeploymentPostprocessing = 0;
		};
/* End PBXSourcesBuildPhase section */

/* Begin PBXVariantGroup section */
		AC8A9A2A23A49D7F00FAB8C7 /* Main.storyboard */ = {
			isa = PBXVariantGroup;
			children = (
				AC8A9A2B23A49D7F00FAB8C7 /* Base */,
			);
			name = Main.storyboard;
			sourceTree = "<group>";
		};
		AC8A9A2F23A49D8100FAB8C7 /* LaunchScreen.storyboard */ = {
			isa = PBXVariantGroup;
			children = (
				AC8A9A3023A49D8100FAB8C7 /* Base */,
			);
			name = LaunchScreen.storyboard;
			sourceTree = "<group>";
		};
/* End PBXVariantGroup section */

/* Begin XCBuildConfiguration section */
		AC8A9A3323A49D8100FAB8C7 /* Debug */ = {
			isa = XCBuildConfiguration;
			buildSettings = {
				ALWAYS_SEARCH_USER_PATHS = NO;
				CLANG_ANALYZER_NONNULL = YES;
				CLANG_ANALYZER_NUMBER_OBJECT_CONVERSION = YES_AGGRESSIVE;
				CLANG_CXX_LANGUAGE_STANDARD = "gnu++14";
				CLANG_CXX_LIBRARY = "libc++";
				CLANG_ENABLE_MODULES = YES;
				CLANG_ENABLE_OBJC_ARC = YES;
				CLANG_ENABLE_OBJC_WEAK = YES;
				CLANG_WARN_BLOCK_CAPTURE_AUTORELEASING = YES;
				CLANG_WARN_BOOL_CONVERSION = YES;
				CLANG_WARN_COMMA = YES;
				CLANG_WARN_CONSTANT_CONVERSION = YES;
				CLANG_WARN_DEPRECATED_OBJC_IMPLEMENTATIONS = YES;
				CLANG_WARN_DIRECT_OBJC_ISA_USAGE = YES_ERROR;
				CLANG_WARN_DOCUMENTATION_COMMENTS = YES;
				CLANG_WARN_EMPTY_BODY = YES;
				CLANG_WARN_ENUM_CONVERSION = YES;
				CLANG_WARN_INFINITE_RECURSION = YES;
				CLANG_WARN_INT_CONVERSION = YES;
				CLANG_WARN_NON_LITERAL_NULL_CONVERSION = YES;
				CLANG_WARN_OBJC_IMPLICIT_RETAIN_SELF = YES;
				CLANG_WARN_OBJC_LITERAL_CONVERSION = YES;
				CLANG_WARN_OBJC_ROOT_CLASS = YES_ERROR;
				CLANG_WARN_RANGE_LOOP_ANALYSIS = YES;
				CLANG_WARN_STRICT_PROTOTYPES = YES;
				CLANG_WARN_SUSPICIOUS_MOVE = YES;
				CLANG_WARN_UNGUARDED_AVAILABILITY = YES_AGGRESSIVE;
				CLANG_WARN_UNREACHABLE_CODE = YES;
				CLANG_WARN__DUPLICATE_METHOD_MATCH = YES;
				COPY_PHASE_STRIP = NO;
				DEBUG_INFORMATION_FORMAT = dwarf;
				ENABLE_STRICT_OBJC_MSGSEND = YES;
				ENABLE_TESTABILITY = YES;
				GCC_C_LANGUAGE_STANDARD = gnu11;
				GCC_DYNAMIC_NO_PIC = NO;
				GCC_NO_COMMON_BLOCKS = YES;
				GCC_OPTIMIZATION_LEVEL = 0;
				GCC_PREPROCESSOR_DEFINITIONS = (
					"DEBUG=1",
					"$(inherited)",
				);
				GCC_WARN_64_TO_32_BIT_CONVERSION = YES;
				GCC_WARN_ABOUT_RETURN_TYPE = YES_ERROR;
				GCC_WARN_UNDECLARED_SELECTOR = YES;
				GCC_WARN_UNINITIALIZED_AUTOS = YES_AGGRESSIVE;
				GCC_WARN_UNUSED_FUNCTION = YES;
				GCC_WARN_UNUSED_VARIABLE = YES;
				IPHONEOS_DEPLOYMENT_TARGET = 13.2;
				MTL_ENABLE_DEBUG_INFO = INCLUDE_SOURCE;
				MTL_FAST_MATH = YES;
				ONLY_ACTIVE_ARCH = YES;
				SDKROOT = iphoneos;
				SWIFT_ACTIVE_COMPILATION_CONDITIONS = DEBUG;
				SWIFT_OPTIMIZATION_LEVEL = "-Onone";
			};
			name = Debug;
		};
		AC8A9A3423A49D8100FAB8C7 /* Release */ = {
			isa = XCBuildConfiguration;
			buildSettings = {
				ALWAYS_SEARCH_USER_PATHS = NO;
				CLANG_ANALYZER_NONNULL = YES;
				CLANG_ANALYZER_NUMBER_OBJECT_CONVERSION = YES_AGGRESSIVE;
				CLANG_CXX_LANGUAGE_STANDARD = "gnu++14";
				CLANG_CXX_LIBRARY = "libc++";
				CLANG_ENABLE_MODULES = YES;
				CLANG_ENABLE_OBJC_ARC = YES;
				CLANG_ENABLE_OBJC_WEAK = YES;
				CLANG_WARN_BLOCK_CAPTURE_AUTORELEASING = YES;
				CLANG_WARN_BOOL_CONVERSION = YES;
				CLANG_WARN_COMMA = YES;
				CLANG_WARN_CONSTANT_CONVERSION = YES;
				CLANG_WARN_DEPRECATED_OBJC_IMPLEMENTATIONS = YES;
				CLANG_WARN_DIRECT_OBJC_ISA_USAGE = YES_ERROR;
				CLANG_WARN_DOCUMENTATION_COMMENTS = YES;
				CLANG_WARN_EMPTY_BODY = YES;
				CLANG_WARN_ENUM_CONVERSION = YES;
				CLANG_WARN_INFINITE_RECURSION = YES;
				CLANG_WARN_INT_CONVERSION = YES;
				CLANG_WARN_NON_LITERAL_NULL_CONVERSION = YES;
				CLANG_WARN_OBJC_IMPLICIT_RETAIN_SELF = YES;
				CLANG_WARN_OBJC_LITERAL_CONVERSION = YES;
				CLANG_WARN_OBJC_ROOT_CLASS = YES_ERROR;
				CLANG_WARN_RANGE_LOOP_ANALYSIS = YES;
				CLANG_WARN_STRICT_PROTOTYPES = YES;
				CLANG_WARN_SUSPICIOUS_MOVE = YES;
				CLANG_WARN_UNGUARDED_AVAILABILITY = YES_AGGRESSIVE;
				CLANG_WARN_UNREACHABLE_CODE = YES;
				CLANG_WARN__DUPLICATE_METHOD_MATCH = YES;
				COPY_PHASE_STRIP = NO;
				DEBUG_INFORMATION_FORMAT = "dwarf-with-dsym";
				ENABLE_NS_ASSERTIONS = NO;
				ENABLE_STRICT_OBJC_MSGSEND = YES;
				GCC_C_LANGUAGE_STANDARD = gnu11;
				GCC_NO_COMMON_BLOCKS = YES;
				GCC_WARN_64_TO_32_BIT_CONVERSION = YES;
				GCC_WARN_ABOUT_RETURN_TYPE = YES_ERROR;
				GCC_WARN_UNDECLARED_SELECTOR = YES;
				GCC_WARN_UNINITIALIZED_AUTOS = YES_AGGRESSIVE;
				GCC_WARN_UNUSED_FUNCTION = YES;
				GCC_WARN_UNUSED_VARIABLE = YES;
				IPHONEOS_DEPLOYMENT_TARGET = 13.2;
				MTL_ENABLE_DEBUG_INFO = NO;
				MTL_FAST_MATH = YES;
				SDKROOT = iphoneos;
				SWIFT_COMPILATION_MODE = wholemodule;
				SWIFT_OPTIMIZATION_LEVEL = "-O";
				VALIDATE_PRODUCT = YES;
			};
			name = Release;
		};
		AC8A9A3623A49D8100FAB8C7 /* Debug */ = {
			isa = XCBuildConfiguration;
			buildSettings = {
				ASSETCATALOG_COMPILER_APPICON_NAME = AppIcon;
				CODE_SIGN_STYLE = Automatic;
				DEVELOPMENT_TEAM = 6P6T78SAL9;
				INFOPLIST_FILE = SwiftYoutuberApp1/Info.plist;
				LD_RUNPATH_SEARCH_PATHS = (
					"$(inherited)",
					"@executable_path/Frameworks",
				);
				PRODUCT_BUNDLE_IDENTIFIER = ios.SwiftYoutuberApp1;
				PRODUCT_NAME = "$(TARGET_NAME)";
				SWIFT_VERSION = 5.0;
				TARGETED_DEVICE_FAMILY = "1,2";
			};
			name = Debug;
		};
		AC8A9A3723A49D8100FAB8C7 /* Release */ = {
			isa = XCBuildConfiguration;
			buildSettings = {
				ASSETCATALOG_COMPILER_APPICON_NAME = AppIcon;
				CODE_SIGN_STYLE = Automatic;
				DEVELOPMENT_TEAM = 6P6T78SAL9;
				INFOPLIST_FILE = SwiftYoutuberApp1/Info.plist;
				LD_RUNPATH_SEARCH_PATHS = (
					"$(inherited)",
					"@executable_path/Frameworks",
				);
				PRODUCT_BUNDLE_IDENTIFIER = ios.SwiftYoutuberApp1;
				PRODUCT_NAME = "$(TARGET_NAME)";
				SWIFT_VERSION = 5.0;
				TARGETED_DEVICE_FAMILY = "1,2";
			};
			name = Release;
		};
/* End XCBuildConfiguration section */

/* Begin XCConfigurationList section */
		AC8A9A1C23A49D7F00FAB8C7 /* Build configuration list for PBXProject "SwiftYoutuberApp1" */ = {
			isa = XCConfigurationList;
			buildConfigurations = (
				AC8A9A3323A49D8100FAB8C7 /* Debug */,
				AC8A9A3423A49D8100FAB8C7 /* Release */,
			);
			defaultConfigurationIsVisible = 0;
			defaultConfigurationName = Release;
		};
		AC8A9A3523A49D8100FAB8C7 /* Build configuration list for PBXNativeTarget "SwiftYoutuberApp1" */ = {
			isa = XCConfigurationList;
			buildConfigurations = (
				AC8A9A3623A49D8100FAB8C7 /* Debug */,
				AC8A9A3723A49D8100FAB8C7 /* Release */,
			);
			defaultConfigurationIsVisible = 0;
			defaultConfigurationName = Release;
		};
/* End XCConfigurationList section */
	};
	rootObject = AC8A9A1923A49D7F00FAB8C7 /* Project object */;
}
